PODS:
  - ZCatalyst (2.0.1)
  - ZohoPortalAuth (0.0.3)

DEPENDENCIES:
  - ZCatalyst (from `../`)
  - ZohoPortalAuth (= 0.0.3)

SPEC REPOS:
  trunk:
    - ZohoPortalAuth

EXTERNAL SOURCES:
  ZCatalyst:
    :path: "../"

SPEC CHECKSUMS:
  ZCatalyst: 4b218c8cadab731305c2c9ef12a81b1091ef0200
  ZohoPortalAuth: d642a6f5a6891c6c0855e39ce88c800188637ce6

PODFILE CHECKSUM: 9f3e2858be2d80ea85fa10077b2d891b25d1e038

COCOAPODS: 1.11.0.rc.1
