PODS:
  - ZCatalyst (0.1.1)
  - ZohoPortalAuth (0.0.3)

DEPENDENCIES:
  - ZCatalyst (from `../`)
  - ZohoPortalAuth (= 0.0.3)

SPEC REPOS:
  trunk:
    - ZohoPortalAuth

EXTERNAL SOURCES:
  ZCatalyst:
    :path: "../"

SPEC CHECKSUMS:
  ZCatalyst: 8bc6eabe9b65802e4e88ad8b12f795b3383e59d1
  ZohoPortalAuth: d642a6f5a6891c6c0855e39ce88c800188637ce6

PODFILE CHECKSUM: c86d5f32edc912dee37e7735518b7df9b4c25733

COCOAPODS: 1.9.1
